
Microsoft Visual Studio Solution File, Format Version 12.00
# Visual Studio Version 17
VisualStudioVersion = 17.9.34728.123
MinimumVisualStudioVersion = 10.0.40219.1
Project("{FAE04EC0-301F-11D3-BF4B-00C04F79EFBC}") = "ThriveWell.API", "ThriveWell.API\ThriveWell.API.csproj", "{FACDC31C-4128-4C96-82D0-E90DA4D9E16E}"
EndProject
Global
	GlobalSection(SolutionConfigurationPlatforms) = preSolution
		Debug|Any CPU = Debug|Any CPU
		Release|Any CPU = Release|Any CPU
	EndGlobalSection
	GlobalSection(ProjectConfigurationPlatforms) = postSolution
		{FACDC31C-4128-4C96-82D0-E90DA4D9E16E}.Debug|Any CPU.ActiveCfg = Debug|Any CPU
		{FACDC31C-4128-4C96-82D0-E90DA4D9E16E}.Debug|Any CPU.Build.0 = Debug|Any CPU
		{FACDC31C-4128-4C96-82D0-E90DA4D9E16E}.Release|Any CPU.ActiveCfg = Release|Any CPU
		{FACDC31C-4128-4C96-82D0-E90DA4D9E16E}.Release|Any CPU.Build.0 = Release|Any CPU
	EndGlobalSection
	GlobalSection(SolutionProperties) = preSolution
		HideSolutionNode = FALSE
	EndGlobalSection
	GlobalSection(ExtensibilityGlobals) = postSolution
		SolutionGuid = {E3B0F308-1DA4-495B-A395-4AC29A9D5C77}
	EndGlobalSection
EndGlobal
